
Microsoft Visual Studio Solution File, Format Version 12.00
# Visual Studio Version 17
VisualStudioVersion = 17.12.35527.113
MinimumVisualStudioVersion = 10.0.40219.1
Project("{FAE04EC0-301F-11D3-BF4B-00C04F79EFBC}") = "LibraryManagement", "LibraryManagement.csproj", "{EC089A72-508F-44FD-98C3-FE5388E284BD}"
EndProject
Project("{FAE04EC0-301F-11D3-BF4B-00C04F79EFBC}") = "LibraryManagement.BLL", "..\LibraryManagement.BLL\LibraryManagement.BLL.csproj", "{58B9B327-8FA8-45F7-8339-5E1F4B5F88EA}"
EndProject
Project("{FAE04EC0-301F-11D3-BF4B-00C04F79EFBC}") = "LibraryManagement.DAL", "..\LibraryManagement.DAL\LibraryManagement.DAL.csproj", "{2A8B1FA1-E6BE-470B-A01A-2327E4113C8D}"
EndProject
Project("{FAE04EC0-301F-11D3-BF4B-00C04F79EFBC}") = "LibraryManagement.Model", "..\LibraryManagement.Model\LibraryManagement.Model.csproj", "{30B65744-507C-425C-825B-373ADE8865AC}"
EndProject
Global
	GlobalSection(SolutionConfigurationPlatforms) = preSolution
		Debug|Any CPU = Debug|Any CPU
		Release|Any CPU = Release|Any CPU
	EndGlobalSection
	GlobalSection(ProjectConfigurationPlatforms) = postSolution
		{EC089A72-508F-44FD-98C3-FE5388E284BD}.Debug|Any CPU.ActiveCfg = Debug|Any CPU
		{EC089A72-508F-44FD-98C3-FE5388E284BD}.Debug|Any CPU.Build.0 = Debug|Any CPU
		{EC089A72-508F-44FD-98C3-FE5388E284BD}.Release|Any CPU.ActiveCfg = Release|Any CPU
		{EC089A72-508F-44FD-98C3-FE5388E284BD}.Release|Any CPU.Build.0 = Release|Any CPU
		{58B9B327-8FA8-45F7-8339-5E1F4B5F88EA}.Debug|Any CPU.ActiveCfg = Debug|Any CPU
		{58B9B327-8FA8-45F7-8339-5E1F4B5F88EA}.Debug|Any CPU.Build.0 = Debug|Any CPU
		{58B9B327-8FA8-45F7-8339-5E1F4B5F88EA}.Release|Any CPU.ActiveCfg = Release|Any CPU
		{58B9B327-8FA8-45F7-8339-5E1F4B5F88EA}.Release|Any CPU.Build.0 = Release|Any CPU
		{2A8B1FA1-E6BE-470B-A01A-2327E4113C8D}.Debug|Any CPU.ActiveCfg = Debug|Any CPU
		{2A8B1FA1-E6BE-470B-A01A-2327E4113C8D}.Debug|Any CPU.Build.0 = Debug|Any CPU
		{2A8B1FA1-E6BE-470B-A01A-2327E4113C8D}.Release|Any CPU.ActiveCfg = Release|Any CPU
		{2A8B1FA1-E6BE-470B-A01A-2327E4113C8D}.Release|Any CPU.Build.0 = Release|Any CPU
		{30B65744-507C-425C-825B-373ADE8865AC}.Debug|Any CPU.ActiveCfg = Debug|Any CPU
		{30B65744-507C-425C-825B-373ADE8865AC}.Debug|Any CPU.Build.0 = Debug|Any CPU
		{30B65744-507C-425C-825B-373ADE8865AC}.Release|Any CPU.ActiveCfg = Release|Any CPU
		{30B65744-507C-425C-825B-373ADE8865AC}.Release|Any CPU.Build.0 = Release|Any CPU
	EndGlobalSection
	GlobalSection(SolutionProperties) = preSolution
		HideSolutionNode = FALSE
	EndGlobalSection
EndGlobal
